
Microsoft Visual Studio Solution File, Format Version 12.00
# Visual Studio Version 16
VisualStudioVersion = 16.0.28729.10
MinimumVisualStudioVersion = 10.0.40219.1
Project("{FAE04EC0-301F-11D3-BF4B-00C04F79EFBC}") = "Menusito", "Menusito\Menusito.csproj", "{5C473E5E-E07D-46E3-9624-8306BA454D97}"
EndProject
Global
	GlobalSection(SolutionConfigurationPlatforms) = preSolution
		Debug|Any CPU = Debug|Any CPU
		Release|Any CPU = Release|Any CPU
	EndGlobalSection
	GlobalSection(ProjectConfigurationPlatforms) = postSolution
		{5C473E5E-E07D-46E3-9624-8306BA454D97}.Debug|Any CPU.ActiveCfg = Debug|Any CPU
		{5C473E5E-E07D-46E3-9624-8306BA454D97}.Debug|Any CPU.Build.0 = Debug|Any CPU
		{5C473E5E-E07D-46E3-9624-8306BA454D97}.Release|Any CPU.ActiveCfg = Release|Any CPU
		{5C473E5E-E07D-46E3-9624-8306BA454D97}.Release|Any CPU.Build.0 = Release|Any CPU
	EndGlobalSection
	GlobalSection(SolutionProperties) = preSolution
		HideSolutionNode = FALSE
	EndGlobalSection
	GlobalSection(ExtensibilityGlobals) = postSolution
		SolutionGuid = {90E82BD4-6186-416D-BA46-15021543A563}
	EndGlobalSection
EndGlobal
